
Microsoft Visual Studio Solution File, Format Version 12.00
# Visual Studio 14
VisualStudioVersion = 14.0.25420.1
MinimumVisualStudioVersion = 10.0.40219.1
Project("{8BC9CEB8-8B4A-11D0-8D11-00A0C91BC942}") = "sortIntegers", "sortIntegers\sortIntegers.vcxproj", "{F27414D2-D3A1-4852-9E2E-A36E237141B9}"
EndProject
Project("{8BC9CEB8-8B4A-11D0-8D11-00A0C91BC942}") = "findPosition", "findPosition\findPosition.vcxproj", "{5ADA53DA-C825-4893-87C4-0D39DA9E624B}"
EndProject
Project("{8BC9CEB8-8B4A-11D0-8D11-00A0C91BC942}") = "longestIncreasingContinuousSubsequence", "longestIncreasingContinuousSubsequence\longestIncreasingContinuousSubsequence.vcxproj", "{9A0E1CCB-0794-492C-8C3B-4E14DD639B46}"
EndProject
Project("{8BC9CEB8-8B4A-11D0-8D11-00A0C91BC942}") = "maxSubArray", "maxSubArray\maxSubArray.vcxproj", "{8CF14EC7-7ADE-4EF8-B9F4-486B0EF0278C}"
EndProject
Project("{8BC9CEB8-8B4A-11D0-8D11-00A0C91BC942}") = "isValidParentheses", "isValidParentheses\isValidParentheses.vcxproj", "{823ADEE5-9092-4B39-AC40-4E5DA905F426}"
EndProject
Project("{8BC9CEB8-8B4A-11D0-8D11-00A0C91BC942}") = "MyQueue", "MyQueue\MyQueue.vcxproj", "{2B4EDF31-1A9B-4EF2-BA51-36A78926E46E}"
EndProject
Project("{8BC9CEB8-8B4A-11D0-8D11-00A0C91BC942}") = "MinStack", "MinStack\MinStack.vcxproj", "{EEB2C596-011B-47B2-9C06-BE96E74C15B3}"
EndProject
Project("{8BC9CEB8-8B4A-11D0-8D11-00A0C91BC942}") = "sortIntegersII", "sortIntegersII\sortIntegersII.vcxproj", "{52B0ADEE-254F-4C2C-BDC6-E0C7BCB94AAD}"
EndProject
Project("{8BC9CEB8-8B4A-11D0-8D11-00A0C91BC942}") = "median", "median\median.vcxproj", "{5861EA08-8BC2-4CA5-ACDE-DB6C8D234C01}"
EndProject
Project("{8BC9CEB8-8B4A-11D0-8D11-00A0C91BC942}") = "kthLargestElement", "kthLargestElement\kthLargestElement.vcxproj", "{46310FCD-0FDC-49CE-A80C-82315174E73E}"
EndProject
Project("{8BC9CEB8-8B4A-11D0-8D11-00A0C91BC942}") = "wiggleSort", "wiggleSort\wiggleSort.vcxproj", "{74207629-9FDF-4B33-86E6-93F9A2F54A7B}"
EndProject
Project("{8BC9CEB8-8B4A-11D0-8D11-00A0C91BC942}") = "intersection", "intersection\intersection.vcxproj", "{00FAD86F-C12A-4510-BCD1-B6D2890513E5}"
EndProject
Project("{8BC9CEB8-8B4A-11D0-8D11-00A0C91BC942}") = "insertionSortList", "insertionSortList\insertionSortList.vcxproj", "{0BF70E62-F4A3-40C9-BA05-A02F120647CA}"
EndProject
Project("{8BC9CEB8-8B4A-11D0-8D11-00A0C91BC942}") = "twoSum", "twoSum\twoSum.vcxproj", "{A091C44E-630D-4590-B1A5-34FF84F7FE3A}"
EndProject
Project("{8BC9CEB8-8B4A-11D0-8D11-00A0C91BC942}") = "intersectionII", "intersectionII\intersectionII.vcxproj", "{D5E69809-E98A-4D29-A1D6-F9FE299322A2}"
EndProject
Project("{8BC9CEB8-8B4A-11D0-8D11-00A0C91BC942}") = "mergeIntervals", "mergeIntervals\mergeIntervals.vcxproj", "{0230A5FF-BE99-4F05-BECC-CBF24017927A}"
EndProject
Project("{8BC9CEB8-8B4A-11D0-8D11-00A0C91BC942}") = "largestNumber", "largestNumber\largestNumber.vcxproj", "{A060C15D-7643-4C1C-AE77-98844F50933F}"
EndProject
Project("{8BC9CEB8-8B4A-11D0-8D11-00A0C91BC942}") = "threeSum", "threeSum\threeSum.vcxproj", "{DC96B6FA-D3EB-41F3-865E-D279E38B2702}"
EndProject
Project("{8BC9CEB8-8B4A-11D0-8D11-00A0C91BC942}") = "sortColors", "sortColors\sortColors.vcxproj", "{E1BC6442-8A97-4745-A844-A5226017B310}"
EndProject
Project("{8BC9CEB8-8B4A-11D0-8D11-00A0C91BC942}") = "partitionArray", "partitionArray\partitionArray.vcxproj", "{255DF3C2-7D13-413C-BDE2-3BDFD5E5E70E}"
EndProject
Project("{8BC9CEB8-8B4A-11D0-8D11-00A0C91BC942}") = "sortColors2", "sortColors2\sortColors2.vcxproj", "{F0A91D6A-16D2-4FCE-A807-5D142C78A53A}"
EndProject
Project("{8BC9CEB8-8B4A-11D0-8D11-00A0C91BC942}") = "deleteNode", "deleteNode\deleteNode.vcxproj", "{2A8703B5-007F-4959-9BDA-FBD3480717EE}"
EndProject
Project("{8BC9CEB8-8B4A-11D0-8D11-00A0C91BC942}") = "sortLetters", "sortLetters\sortLetters.vcxproj", "{9459CBF4-314A-454F-9F0B-729B159EE639}"
EndProject
Project("{8BC9CEB8-8B4A-11D0-8D11-00A0C91BC942}") = "addLists", "addLists\addLists.vcxproj", "{1D9F36E1-775C-459E-A60D-8E2952DA0DBE}"
EndProject
Project("{8BC9CEB8-8B4A-11D0-8D11-00A0C91BC942}") = "mergeTwoLists", "mergeTwoLists\mergeTwoLists.vcxproj", "{4AD3F95E-92AF-4076-A409-C17A01D66C8C}"
EndProject
Project("{8BC9CEB8-8B4A-11D0-8D11-00A0C91BC942}") = "nthToLast", "nthToLast\nthToLast.vcxproj", "{7D4EB3FF-5176-425D-B7D2-F80FCAB27AD7}"
EndProject
Project("{8BC9CEB8-8B4A-11D0-8D11-00A0C91BC942}") = "partition", "partition\partition.vcxproj", "{36A9A341-7BAD-483B-8BA3-346F4E92BB69}"
EndProject
Project("{2150E333-8FDC-42A3-9474-1A3956D46DE8}") = "includes", "includes", "{CFE3C770-9A41-4B0B-9C98-BD540A506EC3}"
EndProject
Project("{2150E333-8FDC-42A3-9474-1A3956D46DE8}") = "LinkedList", "LinkedList", "{9CF2B10B-29EA-4AE0-9E14-B9F672CE550B}"
	ProjectSection(SolutionItems) = preProject
		LinkedList.h = LinkedList.h
	EndProjectSection
EndProject
Project("{8BC9CEB8-8B4A-11D0-8D11-00A0C91BC942}") = "deleteDuplicates", "deleteDuplicates\deleteDuplicates.vcxproj", "{1AFDDAAA-C060-4EA1-BABE-B0AD8AB3C775}"
EndProject
Project("{8BC9CEB8-8B4A-11D0-8D11-00A0C91BC942}") = "removeNthFromEnd", "removeNthFromEnd\removeNthFromEnd.vcxproj", "{826852D6-92C6-4B7E-A29B-4789A560CF20}"
EndProject
Project("{8BC9CEB8-8B4A-11D0-8D11-00A0C91BC942}") = "reverse", "reverse\reverse.vcxproj", "{067F5A7F-0CDE-4CB2-9F48-3D9EBE7504CF}"
EndProject
Global
	GlobalSection(SolutionConfigurationPlatforms) = preSolution
		Debug|x64 = Debug|x64
		Debug|x86 = Debug|x86
		Release|x64 = Release|x64
		Release|x86 = Release|x86
	EndGlobalSection
	GlobalSection(ProjectConfigurationPlatforms) = postSolution
		{F27414D2-D3A1-4852-9E2E-A36E237141B9}.Debug|x64.ActiveCfg = Debug|x64
		{F27414D2-D3A1-4852-9E2E-A36E237141B9}.Debug|x64.Build.0 = Debug|x64
		{F27414D2-D3A1-4852-9E2E-A36E237141B9}.Debug|x86.ActiveCfg = Debug|Win32
		{F27414D2-D3A1-4852-9E2E-A36E237141B9}.Debug|x86.Build.0 = Debug|Win32
		{F27414D2-D3A1-4852-9E2E-A36E237141B9}.Release|x64.ActiveCfg = Release|x64
		{F27414D2-D3A1-4852-9E2E-A36E237141B9}.Release|x64.Build.0 = Release|x64
		{F27414D2-D3A1-4852-9E2E-A36E237141B9}.Release|x86.ActiveCfg = Release|Win32
		{F27414D2-D3A1-4852-9E2E-A36E237141B9}.Release|x86.Build.0 = Release|Win32
		{5ADA53DA-C825-4893-87C4-0D39DA9E624B}.Debug|x64.ActiveCfg = Debug|x64
		{5ADA53DA-C825-4893-87C4-0D39DA9E624B}.Debug|x64.Build.0 = Debug|x64
		{5ADA53DA-C825-4893-87C4-0D39DA9E624B}.Debug|x86.ActiveCfg = Debug|Win32
		{5ADA53DA-C825-4893-87C4-0D39DA9E624B}.Debug|x86.Build.0 = Debug|Win32
		{5ADA53DA-C825-4893-87C4-0D39DA9E624B}.Release|x64.ActiveCfg = Release|x64
		{5ADA53DA-C825-4893-87C4-0D39DA9E624B}.Release|x64.Build.0 = Release|x64
		{5ADA53DA-C825-4893-87C4-0D39DA9E624B}.Release|x86.ActiveCfg = Release|Win32
		{5ADA53DA-C825-4893-87C4-0D39DA9E624B}.Release|x86.Build.0 = Release|Win32
		{9A0E1CCB-0794-492C-8C3B-4E14DD639B46}.Debug|x64.ActiveCfg = Debug|x64
		{9A0E1CCB-0794-492C-8C3B-4E14DD639B46}.Debug|x64.Build.0 = Debug|x64
		{9A0E1CCB-0794-492C-8C3B-4E14DD639B46}.Debug|x86.ActiveCfg = Debug|Win32
		{9A0E1CCB-0794-492C-8C3B-4E14DD639B46}.Debug|x86.Build.0 = Debug|Win32
		{9A0E1CCB-0794-492C-8C3B-4E14DD639B46}.Release|x64.ActiveCfg = Release|x64
		{9A0E1CCB-0794-492C-8C3B-4E14DD639B46}.Release|x64.Build.0 = Release|x64
		{9A0E1CCB-0794-492C-8C3B-4E14DD639B46}.Release|x86.ActiveCfg = Release|Win32
		{9A0E1CCB-0794-492C-8C3B-4E14DD639B46}.Release|x86.Build.0 = Release|Win32
		{8CF14EC7-7ADE-4EF8-B9F4-486B0EF0278C}.Debug|x64.ActiveCfg = Debug|x64
		{8CF14EC7-7ADE-4EF8-B9F4-486B0EF0278C}.Debug|x64.Build.0 = Debug|x64
		{8CF14EC7-7ADE-4EF8-B9F4-486B0EF0278C}.Debug|x86.ActiveCfg = Debug|Win32
		{8CF14EC7-7ADE-4EF8-B9F4-486B0EF0278C}.Debug|x86.Build.0 = Debug|Win32
		{8CF14EC7-7ADE-4EF8-B9F4-486B0EF0278C}.Release|x64.ActiveCfg = Release|x64
		{8CF14EC7-7ADE-4EF8-B9F4-486B0EF0278C}.Release|x64.Build.0 = Release|x64
		{8CF14EC7-7ADE-4EF8-B9F4-486B0EF0278C}.Release|x86.ActiveCfg = Release|Win32
		{8CF14EC7-7ADE-4EF8-B9F4-486B0EF0278C}.Release|x86.Build.0 = Release|Win32
		{823ADEE5-9092-4B39-AC40-4E5DA905F426}.Debug|x64.ActiveCfg = Debug|x64
		{823ADEE5-9092-4B39-AC40-4E5DA905F426}.Debug|x64.Build.0 = Debug|x64
		{823ADEE5-9092-4B39-AC40-4E5DA905F426}.Debug|x86.ActiveCfg = Debug|Win32
		{823ADEE5-9092-4B39-AC40-4E5DA905F426}.Debug|x86.Build.0 = Debug|Win32
		{823ADEE5-9092-4B39-AC40-4E5DA905F426}.Release|x64.ActiveCfg = Release|x64
		{823ADEE5-9092-4B39-AC40-4E5DA905F426}.Release|x64.Build.0 = Release|x64
		{823ADEE5-9092-4B39-AC40-4E5DA905F426}.Release|x86.ActiveCfg = Release|Win32
		{823ADEE5-9092-4B39-AC40-4E5DA905F426}.Release|x86.Build.0 = Release|Win32
		{2B4EDF31-1A9B-4EF2-BA51-36A78926E46E}.Debug|x64.ActiveCfg = Debug|x64
		{2B4EDF31-1A9B-4EF2-BA51-36A78926E46E}.Debug|x64.Build.0 = Debug|x64
		{2B4EDF31-1A9B-4EF2-BA51-36A78926E46E}.Debug|x86.ActiveCfg = Debug|Win32
		{2B4EDF31-1A9B-4EF2-BA51-36A78926E46E}.Debug|x86.Build.0 = Debug|Win32
		{2B4EDF31-1A9B-4EF2-BA51-36A78926E46E}.Release|x64.ActiveCfg = Release|x64
		{2B4EDF31-1A9B-4EF2-BA51-36A78926E46E}.Release|x64.Build.0 = Release|x64
		{2B4EDF31-1A9B-4EF2-BA51-36A78926E46E}.Release|x86.ActiveCfg = Release|Win32
		{2B4EDF31-1A9B-4EF2-BA51-36A78926E46E}.Release|x86.Build.0 = Release|Win32
		{EEB2C596-011B-47B2-9C06-BE96E74C15B3}.Debug|x64.ActiveCfg = Debug|x64
		{EEB2C596-011B-47B2-9C06-BE96E74C15B3}.Debug|x64.Build.0 = Debug|x64
		{EEB2C596-011B-47B2-9C06-BE96E74C15B3}.Debug|x86.ActiveCfg = Debug|Win32
		{EEB2C596-011B-47B2-9C06-BE96E74C15B3}.Debug|x86.Build.0 = Debug|Win32
		{EEB2C596-011B-47B2-9C06-BE96E74C15B3}.Release|x64.ActiveCfg = Release|x64
		{EEB2C596-011B-47B2-9C06-BE96E74C15B3}.Release|x64.Build.0 = Release|x64
		{EEB2C596-011B-47B2-9C06-BE96E74C15B3}.Release|x86.ActiveCfg = Release|Win32
		{EEB2C596-011B-47B2-9C06-BE96E74C15B3}.Release|x86.Build.0 = Release|Win32
		{52B0ADEE-254F-4C2C-BDC6-E0C7BCB94AAD}.Debug|x64.ActiveCfg = Debug|x64
		{52B0ADEE-254F-4C2C-BDC6-E0C7BCB94AAD}.Debug|x64.Build.0 = Debug|x64
		{52B0ADEE-254F-4C2C-BDC6-E0C7BCB94AAD}.Debug|x86.ActiveCfg = Debug|Win32
		{52B0ADEE-254F-4C2C-BDC6-E0C7BCB94AAD}.Debug|x86.Build.0 = Debug|Win32
		{52B0ADEE-254F-4C2C-BDC6-E0C7BCB94AAD}.Release|x64.ActiveCfg = Release|x64
		{52B0ADEE-254F-4C2C-BDC6-E0C7BCB94AAD}.Release|x64.Build.0 = Release|x64
		{52B0ADEE-254F-4C2C-BDC6-E0C7BCB94AAD}.Release|x86.ActiveCfg = Release|Win32
		{52B0ADEE-254F-4C2C-BDC6-E0C7BCB94AAD}.Release|x86.Build.0 = Release|Win32
		{5861EA08-8BC2-4CA5-ACDE-DB6C8D234C01}.Debug|x64.ActiveCfg = Debug|x64
		{5861EA08-8BC2-4CA5-ACDE-DB6C8D234C01}.Debug|x64.Build.0 = Debug|x64
		{5861EA08-8BC2-4CA5-ACDE-DB6C8D234C01}.Debug|x86.ActiveCfg = Debug|Win32
		{5861EA08-8BC2-4CA5-ACDE-DB6C8D234C01}.Debug|x86.Build.0 = Debug|Win32
		{5861EA08-8BC2-4CA5-ACDE-DB6C8D234C01}.Release|x64.ActiveCfg = Release|x64
		{5861EA08-8BC2-4CA5-ACDE-DB6C8D234C01}.Release|x64.Build.0 = Release|x64
		{5861EA08-8BC2-4CA5-ACDE-DB6C8D234C01}.Release|x86.ActiveCfg = Release|Win32
		{5861EA08-8BC2-4CA5-ACDE-DB6C8D234C01}.Release|x86.Build.0 = Release|Win32
		{46310FCD-0FDC-49CE-A80C-82315174E73E}.Debug|x64.ActiveCfg = Debug|x64
		{46310FCD-0FDC-49CE-A80C-82315174E73E}.Debug|x64.Build.0 = Debug|x64
		{46310FCD-0FDC-49CE-A80C-82315174E73E}.Debug|x86.ActiveCfg = Debug|Win32
		{46310FCD-0FDC-49CE-A80C-82315174E73E}.Debug|x86.Build.0 = Debug|Win32
		{46310FCD-0FDC-49CE-A80C-82315174E73E}.Release|x64.ActiveCfg = Release|x64
		{46310FCD-0FDC-49CE-A80C-82315174E73E}.Release|x64.Build.0 = Release|x64
		{46310FCD-0FDC-49CE-A80C-82315174E73E}.Release|x86.ActiveCfg = Release|Win32
		{46310FCD-0FDC-49CE-A80C-82315174E73E}.Release|x86.Build.0 = Release|Win32
		{74207629-9FDF-4B33-86E6-93F9A2F54A7B}.Debug|x64.ActiveCfg = Debug|x64
		{74207629-9FDF-4B33-86E6-93F9A2F54A7B}.Debug|x64.Build.0 = Debug|x64
		{74207629-9FDF-4B33-86E6-93F9A2F54A7B}.Debug|x86.ActiveCfg = Debug|Win32
		{74207629-9FDF-4B33-86E6-93F9A2F54A7B}.Debug|x86.Build.0 = Debug|Win32
		{74207629-9FDF-4B33-86E6-93F9A2F54A7B}.Release|x64.ActiveCfg = Release|x64
		{74207629-9FDF-4B33-86E6-93F9A2F54A7B}.Release|x64.Build.0 = Release|x64
		{74207629-9FDF-4B33-86E6-93F9A2F54A7B}.Release|x86.ActiveCfg = Release|Win32
		{74207629-9FDF-4B33-86E6-93F9A2F54A7B}.Release|x86.Build.0 = Release|Win32
		{00FAD86F-C12A-4510-BCD1-B6D2890513E5}.Debug|x64.ActiveCfg = Debug|x64
		{00FAD86F-C12A-4510-BCD1-B6D2890513E5}.Debug|x64.Build.0 = Debug|x64
		{00FAD86F-C12A-4510-BCD1-B6D2890513E5}.Debug|x86.ActiveCfg = Debug|Win32
		{00FAD86F-C12A-4510-BCD1-B6D2890513E5}.Debug|x86.Build.0 = Debug|Win32
		{00FAD86F-C12A-4510-BCD1-B6D2890513E5}.Release|x64.ActiveCfg = Release|x64
		{00FAD86F-C12A-4510-BCD1-B6D2890513E5}.Release|x64.Build.0 = Release|x64
		{00FAD86F-C12A-4510-BCD1-B6D2890513E5}.Release|x86.ActiveCfg = Release|Win32
		{00FAD86F-C12A-4510-BCD1-B6D2890513E5}.Release|x86.Build.0 = Release|Win32
		{0BF70E62-F4A3-40C9-BA05-A02F120647CA}.Debug|x64.ActiveCfg = Debug|x64
		{0BF70E62-F4A3-40C9-BA05-A02F120647CA}.Debug|x64.Build.0 = Debug|x64
		{0BF70E62-F4A3-40C9-BA05-A02F120647CA}.Debug|x86.ActiveCfg = Debug|Win32
		{0BF70E62-F4A3-40C9-BA05-A02F120647CA}.Debug|x86.Build.0 = Debug|Win32
		{0BF70E62-F4A3-40C9-BA05-A02F120647CA}.Release|x64.ActiveCfg = Release|x64
		{0BF70E62-F4A3-40C9-BA05-A02F120647CA}.Release|x64.Build.0 = Release|x64
		{0BF70E62-F4A3-40C9-BA05-A02F120647CA}.Release|x86.ActiveCfg = Release|Win32
		{0BF70E62-F4A3-40C9-BA05-A02F120647CA}.Release|x86.Build.0 = Release|Win32
		{A091C44E-630D-4590-B1A5-34FF84F7FE3A}.Debug|x64.ActiveCfg = Debug|x64
		{A091C44E-630D-4590-B1A5-34FF84F7FE3A}.Debug|x64.Build.0 = Debug|x64
		{A091C44E-630D-4590-B1A5-34FF84F7FE3A}.Debug|x86.ActiveCfg = Debug|Win32
		{A091C44E-630D-4590-B1A5-34FF84F7FE3A}.Debug|x86.Build.0 = Debug|Win32
		{A091C44E-630D-4590-B1A5-34FF84F7FE3A}.Release|x64.ActiveCfg = Release|x64
		{A091C44E-630D-4590-B1A5-34FF84F7FE3A}.Release|x64.Build.0 = Release|x64
		{A091C44E-630D-4590-B1A5-34FF84F7FE3A}.Release|x86.ActiveCfg = Release|Win32
		{A091C44E-630D-4590-B1A5-34FF84F7FE3A}.Release|x86.Build.0 = Release|Win32
		{D5E69809-E98A-4D29-A1D6-F9FE299322A2}.Debug|x64.ActiveCfg = Debug|x64
		{D5E69809-E98A-4D29-A1D6-F9FE299322A2}.Debug|x64.Build.0 = Debug|x64
		{D5E69809-E98A-4D29-A1D6-F9FE299322A2}.Debug|x86.ActiveCfg = Debug|Win32
		{D5E69809-E98A-4D29-A1D6-F9FE299322A2}.Debug|x86.Build.0 = Debug|Win32
		{D5E69809-E98A-4D29-A1D6-F9FE299322A2}.Release|x64.ActiveCfg = Release|x64
		{D5E69809-E98A-4D29-A1D6-F9FE299322A2}.Release|x64.Build.0 = Release|x64
		{D5E69809-E98A-4D29-A1D6-F9FE299322A2}.Release|x86.ActiveCfg = Release|Win32
		{D5E69809-E98A-4D29-A1D6-F9FE299322A2}.Release|x86.Build.0 = Release|Win32
		{0230A5FF-BE99-4F05-BECC-CBF24017927A}.Debug|x64.ActiveCfg = Debug|x64
		{0230A5FF-BE99-4F05-BECC-CBF24017927A}.Debug|x64.Build.0 = Debug|x64
		{0230A5FF-BE99-4F05-BECC-CBF24017927A}.Debug|x86.ActiveCfg = Debug|Win32
		{0230A5FF-BE99-4F05-BECC-CBF24017927A}.Debug|x86.Build.0 = Debug|Win32
		{0230A5FF-BE99-4F05-BECC-CBF24017927A}.Release|x64.ActiveCfg = Release|x64
		{0230A5FF-BE99-4F05-BECC-CBF24017927A}.Release|x64.Build.0 = Release|x64
		{0230A5FF-BE99-4F05-BECC-CBF24017927A}.Release|x86.ActiveCfg = Release|Win32
		{0230A5FF-BE99-4F05-BECC-CBF24017927A}.Release|x86.Build.0 = Release|Win32
		{A060C15D-7643-4C1C-AE77-98844F50933F}.Debug|x64.ActiveCfg = Debug|x64
		{A060C15D-7643-4C1C-AE77-98844F50933F}.Debug|x64.Build.0 = Debug|x64
		{A060C15D-7643-4C1C-AE77-98844F50933F}.Debug|x86.ActiveCfg = Debug|Win32
		{A060C15D-7643-4C1C-AE77-98844F50933F}.Debug|x86.Build.0 = Debug|Win32
		{A060C15D-7643-4C1C-AE77-98844F50933F}.Release|x64.ActiveCfg = Release|x64
		{A060C15D-7643-4C1C-AE77-98844F50933F}.Release|x64.Build.0 = Release|x64
		{A060C15D-7643-4C1C-AE77-98844F50933F}.Release|x86.ActiveCfg = Release|Win32
		{A060C15D-7643-4C1C-AE77-98844F50933F}.Release|x86.Build.0 = Release|Win32
		{DC96B6FA-D3EB-41F3-865E-D279E38B2702}.Debug|x64.ActiveCfg = Debug|x64
		{DC96B6FA-D3EB-41F3-865E-D279E38B2702}.Debug|x64.Build.0 = Debug|x64
		{DC96B6FA-D3EB-41F3-865E-D279E38B2702}.Debug|x86.ActiveCfg = Debug|Win32
		{DC96B6FA-D3EB-41F3-865E-D279E38B2702}.Debug|x86.Build.0 = Debug|Win32
		{DC96B6FA-D3EB-41F3-865E-D279E38B2702}.Release|x64.ActiveCfg = Release|x64
		{DC96B6FA-D3EB-41F3-865E-D279E38B2702}.Release|x64.Build.0 = Release|x64
		{DC96B6FA-D3EB-41F3-865E-D279E38B2702}.Release|x86.ActiveCfg = Release|Win32
		{DC96B6FA-D3EB-41F3-865E-D279E38B2702}.Release|x86.Build.0 = Release|Win32
		{E1BC6442-8A97-4745-A844-A5226017B310}.Debug|x64.ActiveCfg = Debug|x64
		{E1BC6442-8A97-4745-A844-A5226017B310}.Debug|x64.Build.0 = Debug|x64
		{E1BC6442-8A97-4745-A844-A5226017B310}.Debug|x86.ActiveCfg = Debug|Win32
		{E1BC6442-8A97-4745-A844-A5226017B310}.Debug|x86.Build.0 = Debug|Win32
		{E1BC6442-8A97-4745-A844-A5226017B310}.Release|x64.ActiveCfg = Release|x64
		{E1BC6442-8A97-4745-A844-A5226017B310}.Release|x64.Build.0 = Release|x64
		{E1BC6442-8A97-4745-A844-A5226017B310}.Release|x86.ActiveCfg = Release|Win32
		{E1BC6442-8A97-4745-A844-A5226017B310}.Release|x86.Build.0 = Release|Win32
		{255DF3C2-7D13-413C-BDE2-3BDFD5E5E70E}.Debug|x64.ActiveCfg = Debug|x64
		{255DF3C2-7D13-413C-BDE2-3BDFD5E5E70E}.Debug|x64.Build.0 = Debug|x64
		{255DF3C2-7D13-413C-BDE2-3BDFD5E5E70E}.Debug|x86.ActiveCfg = Debug|Win32
		{255DF3C2-7D13-413C-BDE2-3BDFD5E5E70E}.Debug|x86.Build.0 = Debug|Win32
		{255DF3C2-7D13-413C-BDE2-3BDFD5E5E70E}.Release|x64.ActiveCfg = Release|x64
		{255DF3C2-7D13-413C-BDE2-3BDFD5E5E70E}.Release|x64.Build.0 = Release|x64
		{255DF3C2-7D13-413C-BDE2-3BDFD5E5E70E}.Release|x86.ActiveCfg = Release|Win32
		{255DF3C2-7D13-413C-BDE2-3BDFD5E5E70E}.Release|x86.Build.0 = Release|Win32
		{F0A91D6A-16D2-4FCE-A807-5D142C78A53A}.Debug|x64.ActiveCfg = Debug|x64
		{F0A91D6A-16D2-4FCE-A807-5D142C78A53A}.Debug|x64.Build.0 = Debug|x64
		{F0A91D6A-16D2-4FCE-A807-5D142C78A53A}.Debug|x86.ActiveCfg = Debug|Win32
		{F0A91D6A-16D2-4FCE-A807-5D142C78A53A}.Debug|x86.Build.0 = Debug|Win32
		{F0A91D6A-16D2-4FCE-A807-5D142C78A53A}.Release|x64.ActiveCfg = Release|x64
		{F0A91D6A-16D2-4FCE-A807-5D142C78A53A}.Release|x64.Build.0 = Release|x64
		{F0A91D6A-16D2-4FCE-A807-5D142C78A53A}.Release|x86.ActiveCfg = Release|Win32
		{F0A91D6A-16D2-4FCE-A807-5D142C78A53A}.Release|x86.Build.0 = Release|Win32
		{2A8703B5-007F-4959-9BDA-FBD3480717EE}.Debug|x64.ActiveCfg = Debug|x64
		{2A8703B5-007F-4959-9BDA-FBD3480717EE}.Debug|x64.Build.0 = Debug|x64
		{2A8703B5-007F-4959-9BDA-FBD3480717EE}.Debug|x86.ActiveCfg = Debug|Win32
		{2A8703B5-007F-4959-9BDA-FBD3480717EE}.Debug|x86.Build.0 = Debug|Win32
		{2A8703B5-007F-4959-9BDA-FBD3480717EE}.Release|x64.ActiveCfg = Release|x64
		{2A8703B5-007F-4959-9BDA-FBD3480717EE}.Release|x64.Build.0 = Release|x64
		{2A8703B5-007F-4959-9BDA-FBD3480717EE}.Release|x86.ActiveCfg = Release|Win32
		{2A8703B5-007F-4959-9BDA-FBD3480717EE}.Release|x86.Build.0 = Release|Win32
		{9459CBF4-314A-454F-9F0B-729B159EE639}.Debug|x64.ActiveCfg = Debug|x64
		{9459CBF4-314A-454F-9F0B-729B159EE639}.Debug|x64.Build.0 = Debug|x64
		{9459CBF4-314A-454F-9F0B-729B159EE639}.Debug|x86.ActiveCfg = Debug|Win32
		{9459CBF4-314A-454F-9F0B-729B159EE639}.Debug|x86.Build.0 = Debug|Win32
		{9459CBF4-314A-454F-9F0B-729B159EE639}.Release|x64.ActiveCfg = Release|x64
		{9459CBF4-314A-454F-9F0B-729B159EE639}.Release|x64.Build.0 = Release|x64
		{9459CBF4-314A-454F-9F0B-729B159EE639}.Release|x86.ActiveCfg = Release|Win32
		{9459CBF4-314A-454F-9F0B-729B159EE639}.Release|x86.Build.0 = Release|Win32
		{1D9F36E1-775C-459E-A60D-8E2952DA0DBE}.Debug|x64.ActiveCfg = Debug|x64
		{1D9F36E1-775C-459E-A60D-8E2952DA0DBE}.Debug|x64.Build.0 = Debug|x64
		{1D9F36E1-775C-459E-A60D-8E2952DA0DBE}.Debug|x86.ActiveCfg = Debug|Win32
		{1D9F36E1-775C-459E-A60D-8E2952DA0DBE}.Debug|x86.Build.0 = Debug|Win32
		{1D9F36E1-775C-459E-A60D-8E2952DA0DBE}.Release|x64.ActiveCfg = Release|x64
		{1D9F36E1-775C-459E-A60D-8E2952DA0DBE}.Release|x64.Build.0 = Release|x64
		{1D9F36E1-775C-459E-A60D-8E2952DA0DBE}.Release|x86.ActiveCfg = Release|Win32
		{1D9F36E1-775C-459E-A60D-8E2952DA0DBE}.Release|x86.Build.0 = Release|Win32
		{4AD3F95E-92AF-4076-A409-C17A01D66C8C}.Debug|x64.ActiveCfg = Debug|x64
		{4AD3F95E-92AF-4076-A409-C17A01D66C8C}.Debug|x64.Build.0 = Debug|x64
		{4AD3F95E-92AF-4076-A409-C17A01D66C8C}.Debug|x86.ActiveCfg = Debug|Win32
		{4AD3F95E-92AF-4076-A409-C17A01D66C8C}.Debug|x86.Build.0 = Debug|Win32
		{4AD3F95E-92AF-4076-A409-C17A01D66C8C}.Release|x64.ActiveCfg = Release|x64
		{4AD3F95E-92AF-4076-A409-C17A01D66C8C}.Release|x64.Build.0 = Release|x64
		{4AD3F95E-92AF-4076-A409-C17A01D66C8C}.Release|x86.ActiveCfg = Release|Win32
		{4AD3F95E-92AF-4076-A409-C17A01D66C8C}.Release|x86.Build.0 = Release|Win32
		{7D4EB3FF-5176-425D-B7D2-F80FCAB27AD7}.Debug|x64.ActiveCfg = Debug|x64
		{7D4EB3FF-5176-425D-B7D2-F80FCAB27AD7}.Debug|x64.Build.0 = Debug|x64
		{7D4EB3FF-5176-425D-B7D2-F80FCAB27AD7}.Debug|x86.ActiveCfg = Debug|Win32
		{7D4EB3FF-5176-425D-B7D2-F80FCAB27AD7}.Debug|x86.Build.0 = Debug|Win32
		{7D4EB3FF-5176-425D-B7D2-F80FCAB27AD7}.Release|x64.ActiveCfg = Release|x64
		{7D4EB3FF-5176-425D-B7D2-F80FCAB27AD7}.Release|x64.Build.0 = Release|x64
		{7D4EB3FF-5176-425D-B7D2-F80FCAB27AD7}.Release|x86.ActiveCfg = Release|Win32
		{7D4EB3FF-5176-425D-B7D2-F80FCAB27AD7}.Release|x86.Build.0 = Release|Win32
		{36A9A341-7BAD-483B-8BA3-346F4E92BB69}.Debug|x64.ActiveCfg = Debug|x64
		{36A9A341-7BAD-483B-8BA3-346F4E92BB69}.Debug|x64.Build.0 = Debug|x64
		{36A9A341-7BAD-483B-8BA3-346F4E92BB69}.Debug|x86.ActiveCfg = Debug|Win32
		{36A9A341-7BAD-483B-8BA3-346F4E92BB69}.Debug|x86.Build.0 = Debug|Win32
		{36A9A341-7BAD-483B-8BA3-346F4E92BB69}.Release|x64.ActiveCfg = Release|x64
		{36A9A341-7BAD-483B-8BA3-346F4E92BB69}.Release|x64.Build.0 = Release|x64
		{36A9A341-7BAD-483B-8BA3-346F4E92BB69}.Release|x86.ActiveCfg = Release|Win32
		{36A9A341-7BAD-483B-8BA3-346F4E92BB69}.Release|x86.Build.0 = Release|Win32
		{1AFDDAAA-C060-4EA1-BABE-B0AD8AB3C775}.Debug|x64.ActiveCfg = Debug|x64
		{1AFDDAAA-C060-4EA1-BABE-B0AD8AB3C775}.Debug|x64.Build.0 = Debug|x64
		{1AFDDAAA-C060-4EA1-BABE-B0AD8AB3C775}.Debug|x86.ActiveCfg = Debug|Win32
		{1AFDDAAA-C060-4EA1-BABE-B0AD8AB3C775}.Debug|x86.Build.0 = Debug|Win32
		{1AFDDAAA-C060-4EA1-BABE-B0AD8AB3C775}.Release|x64.ActiveCfg = Release|x64
		{1AFDDAAA-C060-4EA1-BABE-B0AD8AB3C775}.Release|x64.Build.0 = Release|x64
		{1AFDDAAA-C060-4EA1-BABE-B0AD8AB3C775}.Release|x86.ActiveCfg = Release|Win32
		{1AFDDAAA-C060-4EA1-BABE-B0AD8AB3C775}.Release|x86.Build.0 = Release|Win32
		{826852D6-92C6-4B7E-A29B-4789A560CF20}.Debug|x64.ActiveCfg = Debug|x64
		{826852D6-92C6-4B7E-A29B-4789A560CF20}.Debug|x64.Build.0 = Debug|x64
		{826852D6-92C6-4B7E-A29B-4789A560CF20}.Debug|x86.ActiveCfg = Debug|Win32
		{826852D6-92C6-4B7E-A29B-4789A560CF20}.Debug|x86.Build.0 = Debug|Win32
		{826852D6-92C6-4B7E-A29B-4789A560CF20}.Release|x64.ActiveCfg = Release|x64
		{826852D6-92C6-4B7E-A29B-4789A560CF20}.Release|x64.Build.0 = Release|x64
		{826852D6-92C6-4B7E-A29B-4789A560CF20}.Release|x86.ActiveCfg = Release|Win32
		{826852D6-92C6-4B7E-A29B-4789A560CF20}.Release|x86.Build.0 = Release|Win32
		{067F5A7F-0CDE-4CB2-9F48-3D9EBE7504CF}.Debug|x64.ActiveCfg = Debug|x64
		{067F5A7F-0CDE-4CB2-9F48-3D9EBE7504CF}.Debug|x64.Build.0 = Debug|x64
		{067F5A7F-0CDE-4CB2-9F48-3D9EBE7504CF}.Debug|x86.ActiveCfg = Debug|Win32
		{067F5A7F-0CDE-4CB2-9F48-3D9EBE7504CF}.Debug|x86.Build.0 = Debug|Win32
		{067F5A7F-0CDE-4CB2-9F48-3D9EBE7504CF}.Release|x64.ActiveCfg = Release|x64
		{067F5A7F-0CDE-4CB2-9F48-3D9EBE7504CF}.Release|x64.Build.0 = Release|x64
		{067F5A7F-0CDE-4CB2-9F48-3D9EBE7504CF}.Release|x86.ActiveCfg = Release|Win32
		{067F5A7F-0CDE-4CB2-9F48-3D9EBE7504CF}.Release|x86.Build.0 = Release|Win32
	EndGlobalSection
	GlobalSection(SolutionProperties) = preSolution
		HideSolutionNode = FALSE
	EndGlobalSection
	GlobalSection(NestedProjects) = preSolution
		{9CF2B10B-29EA-4AE0-9E14-B9F672CE550B} = {CFE3C770-9A41-4B0B-9C98-BD540A506EC3}
	EndGlobalSection
EndGlobal
